
Microsoft Visual Studio Solution File, Format Version 12.00
# Visual Studio Version 16
VisualStudioVersion = 16.0.32510.428
MinimumVisualStudioVersion = 10.0.40219.1
Project("{FAE04EC0-301F-11D3-BF4B-00C04F79EFBC}") = "ZTN01", "ZTN01.csproj", "{8DDB9491-AD0C-49DD-AF23-BA1516E2E1C9}"
EndProject
Project("{FAE04EC0-301F-11D3-BF4B-00C04F79EFBC}") = "ZTNTesting", "TestProject\ZTNTesting\ZTNTesting.csproj", "{9AEA9BFE-4723-4888-87B9-F1E12E4632CF}"
EndProject
Project("{FAE04EC0-301F-11D3-BF4B-00C04F79EFBC}") = "UnitTestProject2", "..\UnitTestProject2\UnitTestProject2.csproj", "{3784861B-2ED8-4B7D-B767-EDAB5FD98AC9}"
EndProject
Global
	GlobalSection(SolutionConfigurationPlatforms) = preSolution
		Debug|Any CPU = Debug|Any CPU
		Release|Any CPU = Release|Any CPU
	EndGlobalSection
	GlobalSection(ProjectConfigurationPlatforms) = postSolution
		{8DDB9491-AD0C-49DD-AF23-BA1516E2E1C9}.Debug|Any CPU.ActiveCfg = Debug|Any CPU
		{8DDB9491-AD0C-49DD-AF23-BA1516E2E1C9}.Debug|Any CPU.Build.0 = Debug|Any CPU
		{8DDB9491-AD0C-49DD-AF23-BA1516E2E1C9}.Release|Any CPU.ActiveCfg = Release|Any CPU
		{8DDB9491-AD0C-49DD-AF23-BA1516E2E1C9}.Release|Any CPU.Build.0 = Release|Any CPU
		{9AEA9BFE-4723-4888-87B9-F1E12E4632CF}.Debug|Any CPU.ActiveCfg = Debug|Any CPU
		{9AEA9BFE-4723-4888-87B9-F1E12E4632CF}.Debug|Any CPU.Build.0 = Debug|Any CPU
		{9AEA9BFE-4723-4888-87B9-F1E12E4632CF}.Release|Any CPU.ActiveCfg = Release|Any CPU
		{9AEA9BFE-4723-4888-87B9-F1E12E4632CF}.Release|Any CPU.Build.0 = Release|Any CPU
		{3784861B-2ED8-4B7D-B767-EDAB5FD98AC9}.Debug|Any CPU.ActiveCfg = Debug|Any CPU
		{3784861B-2ED8-4B7D-B767-EDAB5FD98AC9}.Debug|Any CPU.Build.0 = Debug|Any CPU
		{3784861B-2ED8-4B7D-B767-EDAB5FD98AC9}.Release|Any CPU.ActiveCfg = Release|Any CPU
		{3784861B-2ED8-4B7D-B767-EDAB5FD98AC9}.Release|Any CPU.Build.0 = Release|Any CPU
	EndGlobalSection
	GlobalSection(SolutionProperties) = preSolution
		HideSolutionNode = FALSE
	EndGlobalSection
	GlobalSection(ExtensibilityGlobals) = postSolution
		SolutionGuid = {413766F0-A8FB-4291-B3EA-16084CA93390}
	EndGlobalSection
EndGlobal
